// !$*UTF8*$!
{
	archiveVersion = 1;
	classes = {
	};
	objectVersion = 46;
	objects = {

/* Begin PBXBuildFile section */
		6F73E0A41F20A56A000EC874 /* AppDelegate.swift in Sources */ = {isa = PBXBuildFile; fileRef = 6F73E0A31F20A56A000EC874 /* AppDelegate.swift */; };
		6F73E0A61F20A56A000EC874 /* ViewController.swift in Sources */ = {isa = PBXBuildFile; fileRef = 6F73E0A51F20A56A000EC874 /* ViewController.swift */; };
		6F73E0A91F20A56A000EC874 /* Main.storyboard in Resources */ = {isa = PBXBuildFile; fileRef = 6F73E0A71F20A56A000EC874 /* Main.storyboard */; };
		6F73E0AB1F20A56A000EC874 /* Assets.xcassets in Resources */ = {isa = PBXBuildFile; fileRef = 6F73E0AA1F20A56A000EC874 /* Assets.xcassets */; };
		6F73E0AE1F20A56A000EC874 /* LaunchScreen.storyboard in Resources */ = {isa = PBXBuildFile; fileRef = 6F73E0AC1F20A56A000EC874 /* LaunchScreen.storyboard */; };
		6F73E0B91F20A56A000EC874 /* DelegateSampleTests.swift in Sources */ = {isa = PBXBuildFile; fileRef = 6F73E0B81F20A56A000EC874 /* DelegateSampleTests.swift */; };
		6F73E0C41F20A56B000EC874 /* DelegateSampleUITests.swift in Sources */ = {isa = PBXBuildFile; fileRef = 6F73E0C31F20A56B000EC874 /* DelegateSampleUITests.swift */; };
		6F73E0D21F20AA64000EC874 /* ColorPickerViewController.swift in Sources */ = {isa = PBXBuildFile; fileRef = 6F73E0D11F20AA64000EC874 /* ColorPickerViewController.swift */; };
/* End PBXBuildFile section */

/* Begin PBXContainerItemProxy section */
		6F73E0B51F20A56A000EC874 /* PBXContainerItemProxy */ = {
			isa = PBXContainerItemProxy;
			containerPortal = 6F73E0981F20A56A000EC874 /* Project object */;
			proxyType = 1;
			remoteGlobalIDString = 6F73E09F1F20A56A000EC874;
			remoteInfo = DelegateSample;
		};
		6F73E0C01F20A56A000EC874 /* PBXContainerItemProxy */ = {
			isa = PBXContainerItemProxy;
			containerPortal = 6F73E0981F20A56A000EC874 /* Project object */;
			proxyType = 1;
			remoteGlobalIDString = 6F73E09F1F20A56A000EC874;
			remoteInfo = DelegateSample;
		};
/* End PBXContainerItemProxy section */

/* Begin PBXFileReference section */
		6F73E0A01F20A56A000EC874 /* DelegateSample.app */ = {isa = PBXFileReference; explicitFileType = wrapper.application; includeInIndex = 0; path = DelegateSample.app; sourceTree = BUILT_PRODUCTS_DIR; };
		6F73E0A31F20A56A000EC874 /* AppDelegate.swift */ = {isa = PBXFileReference; lastKnownFileType = sourcecode.swift; path = AppDelegate.swift; sourceTree = "<group>"; };
		6F73E0A51F20A56A000EC874 /* ViewController.swift */ = {isa = PBXFileReference; lastKnownFileType = sourcecode.swift; path = ViewController.swift; sourceTree = "<group>"; };
		6F73E0A81F20A56A000EC874 /* Base */ = {isa = PBXFileReference; lastKnownFileType = file.storyboard; name = Base; path = Base.lproj/Main.storyboard; sourceTree = "<group>"; };
		6F73E0AA1F20A56A000EC874 /* Assets.xcassets */ = {isa = PBXFileReference; lastKnownFileType = folder.assetcatalog; path = Assets.xcassets; sourceTree = "<group>"; };
		6F73E0AD1F20A56A000EC874 /* Base */ = {isa = PBXFileReference; lastKnownFileType = file.storyboard; name = Base; path = Base.lproj/LaunchScreen.storyboard; sourceTree = "<group>"; };
		6F73E0AF1F20A56A000EC874 /* Info.plist */ = {isa = PBXFileReference; lastKnownFileType = text.plist.xml; path = Info.plist; sourceTree = "<group>"; };
		6F73E0B41F20A56A000EC874 /* DelegateSampleTests.xctest */ = {isa = PBXFileReference; explicitFileType = wrapper.cfbundle; includeInIndex = 0; path = DelegateSampleTests.xctest; sourceTree = BUILT_PRODUCTS_DIR; };
		6F73E0B81F20A56A000EC874 /* DelegateSampleTests.swift */ = {isa = PBXFileReference; lastKnownFileType = sourcecode.swift; path = DelegateSampleTests.swift; sourceTree = "<group>"; };
		6F73E0BA1F20A56A000EC874 /* Info.plist */ = {isa = PBXFileReference; lastKnownFileType = text.plist.xml; path = Info.plist; sourceTree = "<group>"; };
		6F73E0BF1F20A56A000EC874 /* DelegateSampleUITests.xctest */ = {isa = PBXFileReference; explicitFileType = wrapper.cfbundle; includeInIndex = 0; path = DelegateSampleUITests.xctest; sourceTree = BUILT_PRODUCTS_DIR; };
		6F73E0C31F20A56B000EC874 /* DelegateSampleUITests.swift */ = {isa = PBXFileReference; lastKnownFileType = sourcecode.swift; path = DelegateSampleUITests.swift; sourceTree = "<group>"; };
		6F73E0C51F20A56B000EC874 /* Info.plist */ = {isa = PBXFileReference; lastKnownFileType = text.plist.xml; path = Info.plist; sourceTree = "<group>"; };
		6F73E0D11F20AA64000EC874 /* ColorPickerViewController.swift */ = {isa = PBXFileReference; fileEncoding = 4; lastKnownFileType = sourcecode.swift; path = ColorPickerViewController.swift; sourceTree = "<group>"; };
/* End PBXFileReference section */

/* Begin PBXFrameworksBuildPhase section */
		6F73E09D1F20A56A000EC874 /* Frameworks */ = {
			isa = PBXFrameworksBuildPhase;
			buildActionMask = 2147483647;
			files = (
			);
			runOnlyForDeploymentPostprocessing = 0;
		};
		6F73E0B11F20A56A000EC874 /* Frameworks */ = {
			isa = PBXFrameworksBuildPhase;
			buildActionMask = 2147483647;
			files = (
			);
			runOnlyForDeploymentPostprocessing = 0;
		};
		6F73E0BC1F20A56A000EC874 /* Frameworks */ = {
			isa = PBXFrameworksBuildPhase;
			buildActionMask = 2147483647;
			files = (
			);
			runOnlyForDeploymentPostprocessing = 0;
		};
/* End PBXFrameworksBuildPhase section */

/* Begin PBXGroup section */
		6F73E0971F20A56A000EC874 = {
			isa = PBXGroup;
			children = (
				6F73E0A21F20A56A000EC874 /* DelegateSample */,
				6F73E0B71F20A56A000EC874 /* DelegateSampleTests */,
				6F73E0C21F20A56A000EC874 /* DelegateSampleUITests */,
				6F73E0A11F20A56A000EC874 /* Products */,
			);
			sourceTree = "<group>";
		};
		6F73E0A11F20A56A000EC874 /* Products */ = {
			isa = PBXGroup;
			children = (
				6F73E0A01F20A56A000EC874 /* DelegateSample.app */,
				6F73E0B41F20A56A000EC874 /* DelegateSampleTests.xctest */,
				6F73E0BF1F20A56A000EC874 /* DelegateSampleUITests.xctest */,
			);
			name = Products;
			sourceTree = "<group>";
		};
		6F73E0A21F20A56A000EC874 /* DelegateSample */ = {
			isa = PBXGroup;
			children = (
				6F73E0A31F20A56A000EC874 /* AppDelegate.swift */,
				6F73E0A51F20A56A000EC874 /* ViewController.swift */,
				6F73E0A71F20A56A000EC874 /* Main.storyboard */,
				6F73E0AA1F20A56A000EC874 /* Assets.xcassets */,
				6F73E0AC1F20A56A000EC874 /* LaunchScreen.storyboard */,
				6F73E0AF1F20A56A000EC874 /* Info.plist */,
				6F73E0D11F20AA64000EC874 /* ColorPickerViewController.swift */,
			);
			path = DelegateSample;
			sourceTree = "<group>";
		};
		6F73E0B71F20A56A000EC874 /* DelegateSampleTests */ = {
			isa = PBXGroup;
			children = (
				6F73E0B81F20A56A000EC874 /* DelegateSampleTests.swift */,
				6F73E0BA1F20A56A000EC874 /* Info.plist */,
			);
			path = DelegateSampleTests;
			sourceTree = "<group>";
		};
		6F73E0C21F20A56A000EC874 /* DelegateSampleUITests */ = {
			isa = PBXGroup;
			children = (
				6F73E0C31F20A56B000EC874 /* DelegateSampleUITests.swift */,
				6F73E0C51F20A56B000EC874 /* Info.plist */,
			);
			path = DelegateSampleUITests;
			sourceTree = "<group>";
		};
/* End PBXGroup section */

/* Begin PBXNativeTarget section */
		6F73E09F1F20A56A000EC874 /* DelegateSample */ = {
			isa = PBXNativeTarget;
			buildConfigurationList = 6F73E0C81F20A56B000EC874 /* Build configuration list for PBXNativeTarget "DelegateSample" */;
			buildPhases = (
				6F73E09C1F20A56A000EC874 /* Sources */,
				6F73E09D1F20A56A000EC874 /* Frameworks */,
				6F73E09E1F20A56A000EC874 /* Resources */,
			);
			buildRules = (
			);
			dependencies = (
			);
			name = DelegateSample;
			productName = DelegateSample;
			productReference = 6F73E0A01F20A56A000EC874 /* DelegateSample.app */;
			productType = "com.apple.product-type.application";
		};
		6F73E0B31F20A56A000EC874 /* DelegateSampleTests */ = {
			isa = PBXNativeTarget;
			buildConfigurationList = 6F73E0CB1F20A56B000EC874 /* Build configuration list for PBXNativeTarget "DelegateSampleTests" */;
			buildPhases = (
				6F73E0B01F20A56A000EC874 /* Sources */,
				6F73E0B11F20A56A000EC874 /* Frameworks */,
				6F73E0B21F20A56A000EC874 /* Resources */,
			);
			buildRules = (
			);
			dependencies = (
				6F73E0B61F20A56A000EC874 /* PBXTargetDependency */,
			);
			name = DelegateSampleTests;
			productName = DelegateSampleTests;
			productReference = 6F73E0B41F20A56A000EC874 /* DelegateSampleTests.xctest */;
			productType = "com.apple.product-type.bundle.unit-test";
		};
		6F73E0BE1F20A56A000EC874 /* DelegateSampleUITests */ = {
			isa = PBXNativeTarget;
			buildConfigurationList = 6F73E0CE1F20A56B000EC874 /* Build configuration list for PBXNativeTarget "DelegateSampleUITests" */;
			buildPhases = (
				6F73E0BB1F20A56A000EC874 /* Sources */,
				6F73E0BC1F20A56A000EC874 /* Frameworks */,
				6F73E0BD1F20A56A000EC874 /* Resources */,
			);
			buildRules = (
			);
			dependencies = (
				6F73E0C11F20A56A000EC874 /* PBXTargetDependency */,
			);
			name = DelegateSampleUITests;
			productName = DelegateSampleUITests;
			productReference = 6F73E0BF1F20A56A000EC874 /* DelegateSampleUITests.xctest */;
			productType = "com.apple.product-type.bundle.ui-testing";
		};
/* End PBXNativeTarget section */

/* Begin PBXProject section */
		6F73E0981F20A56A000EC874 /* Project object */ = {
			isa = PBXProject;
			attributes = {
				LastSwiftUpdateCheck = 0830;
				LastUpgradeCheck = 0830;
				ORGANIZATIONNAME = "Sadiq, Sadiq";
				TargetAttributes = {
					6F73E09F1F20A56A000EC874 = {
						CreatedOnToolsVersion = 8.3.1;
						ProvisioningStyle = Automatic;
					};
					6F73E0B31F20A56A000EC874 = {
						CreatedOnToolsVersion = 8.3.1;
						ProvisioningStyle = Automatic;
						TestTargetID = 6F73E09F1F20A56A000EC874;
					};
					6F73E0BE1F20A56A000EC874 = {
						CreatedOnToolsVersion = 8.3.1;
						ProvisioningStyle = Automatic;
						TestTargetID = 6F73E09F1F20A56A000EC874;
					};
				};
			};
			buildConfigurationList = 6F73E09B1F20A56A000EC874 /* Build configuration list for PBXProject "DelegateSample" */;
			compatibilityVersion = "Xcode 3.2";
			developmentRegion = English;
			hasScannedForEncodings = 0;
			knownRegions = (
				en,
				Base,
			);
			mainGroup = 6F73E0971F20A56A000EC874;
			productRefGroup = 6F73E0A11F20A56A000EC874 /* Products */;
			projectDirPath = "";
			projectRoot = "";
			targets = (
				6F73E09F1F20A56A000EC874 /* DelegateSample */,
				6F73E0B31F20A56A000EC874 /* DelegateSampleTests */,
				6F73E0BE1F20A56A000EC874 /* DelegateSampleUITests */,
			);
		};
/* End PBXProject section */

/* Begin PBXResourcesBuildPhase section */
		6F73E09E1F20A56A000EC874 /* Resources */ = {
			isa = PBXResourcesBuildPhase;
			buildActionMask = 2147483647;
			files = (
				6F73E0AE1F20A56A000EC874 /* LaunchScreen.storyboard in Resources */,
				6F73E0AB1F20A56A000EC874 /* Assets.xcassets in Resources */,
				6F73E0A91F20A56A000EC874 /* Main.storyboard in Resources */,
			);
			runOnlyForDeploymentPostprocessing = 0;
		};
		6F73E0B21F20A56A000EC874 /* Resources */ = {
			isa = PBXResourcesBuildPhase;
			buildActionMask = 2147483647;
			files = (
			);
			runOnlyForDeploymentPostprocessing = 0;
		};
		6F73E0BD1F20A56A000EC874 /* Resources */ = {
			isa = PBXResourcesBuildPhase;
			buildActionMask = 2147483647;
			files = (
			);
			runOnlyForDeploymentPostprocessing = 0;
		};
/* End PBXResourcesBuildPhase section */

/* Begin PBXSourcesBuildPhase section */
		6F73E09C1F20A56A000EC874 /* Sources */ = {
			isa = PBXSourcesBuildPhase;
			buildActionMask = 2147483647;
			files = (
				6F73E0A61F20A56A000EC874 /* ViewController.swift in Sources */,
				6F73E0A41F20A56A000EC874 /* AppDelegate.swift in Sources */,
				6F73E0D21F20AA64000EC874 /* ColorPickerViewController.swift in Sources */,
			);
			runOnlyForDeploymentPostprocessing = 0;
		};
		6F73E0B01F20A56A000EC874 /* Sources */ = {
			isa = PBXSourcesBuildPhase;
			buildActionMask = 2147483647;
			files = (
				6F73E0B91F20A56A000EC874 /* DelegateSampleTests.swift in Sources */,
			);
			runOnlyForDeploymentPostprocessing = 0;
		};
		6F73E0BB1F20A56A000EC874 /* Sources */ = {
			isa = PBXSourcesBuildPhase;
			buildActionMask = 2147483647;
			files = (
				6F73E0C41F20A56B000EC874 /* DelegateSampleUITests.swift in Sources */,
			);
			runOnlyForDeploymentPostprocessing = 0;
		};
/* End PBXSourcesBuildPhase section */

/* Begin PBXTargetDependency section */
		6F73E0B61F20A56A000EC874 /* PBXTargetDependency */ = {
			isa = PBXTargetDependency;
			target = 6F73E09F1F20A56A000EC874 /* DelegateSample */;
			targetProxy = 6F73E0B51F20A56A000EC874 /* PBXContainerItemProxy */;
		};
		6F73E0C11F20A56A000EC874 /* PBXTargetDependency */ = {
			isa = PBXTargetDependency;
			target = 6F73E09F1F20A56A000EC874 /* DelegateSample */;
			targetProxy = 6F73E0C01F20A56A000EC874 /* PBXContainerItemProxy */;
		};
/* End PBXTargetDependency section */

/* Begin PBXVariantGroup section */
		6F73E0A71F20A56A000EC874 /* Main.storyboard */ = {
			isa = PBXVariantGroup;
			children = (
				6F73E0A81F20A56A000EC874 /* Base */,
			);
			name = Main.storyboard;
			sourceTree = "<group>";
		};
		6F73E0AC1F20A56A000EC874 /* LaunchScreen.storyboard */ = {
			isa = PBXVariantGroup;
			children = (
				6F73E0AD1F20A56A000EC874 /* Base */,
			);
			name = LaunchScreen.storyboard;
			sourceTree = "<group>";
		};
/* End PBXVariantGroup section */

/* Begin XCBuildConfiguration section */
		6F73E0C61F20A56B000EC874 /* Debug */ = {
			isa = XCBuildConfiguration;
			buildSettings = {
				ALWAYS_SEARCH_USER_PATHS = NO;
				CLANG_ANALYZER_NONNULL = YES;
				CLANG_ANALYZER_NUMBER_OBJECT_CONVERSION = YES_AGGRESSIVE;
				CLANG_CXX_LANGUAGE_STANDARD = "gnu++0x";
				CLANG_CXX_LIBRARY = "libc++";
				CLANG_ENABLE_MODULES = YES;
				CLANG_ENABLE_OBJC_ARC = YES;
				CLANG_WARN_BOOL_CONVERSION = YES;
				CLANG_WARN_CONSTANT_CONVERSION = YES;
				CLANG_WARN_DIRECT_OBJC_ISA_USAGE = YES_ERROR;
				CLANG_WARN_DOCUMENTATION_COMMENTS = YES;
				CLANG_WARN_EMPTY_BODY = YES;
				CLANG_WARN_ENUM_CONVERSION = YES;
				CLANG_WARN_INFINITE_RECURSION = YES;
				CLANG_WARN_INT_CONVERSION = YES;
				CLANG_WARN_OBJC_ROOT_CLASS = YES_ERROR;
				CLANG_WARN_SUSPICIOUS_MOVE = YES;
				CLANG_WARN_UNREACHABLE_CODE = YES;
				CLANG_WARN__DUPLICATE_METHOD_MATCH = YES;
				"CODE_SIGN_IDENTITY[sdk=iphoneos*]" = "iPhone Developer";
				COPY_PHASE_STRIP = NO;
				DEBUG_INFORMATION_FORMAT = dwarf;
				ENABLE_STRICT_OBJC_MSGSEND = YES;
				ENABLE_TESTABILITY = YES;
				GCC_C_LANGUAGE_STANDARD = gnu99;
				GCC_DYNAMIC_NO_PIC = NO;
				GCC_NO_COMMON_BLOCKS = YES;
				GCC_OPTIMIZATION_LEVEL = 0;
				GCC_PREPROCESSOR_DEFINITIONS = (
					"DEBUG=1",
					"$(inherited)",
				);
				GCC_WARN_64_TO_32_BIT_CONVERSION = YES;
				GCC_WARN_ABOUT_RETURN_TYPE = YES_ERROR;
				GCC_WARN_UNDECLARED_SELECTOR = YES;
				GCC_WARN_UNINITIALIZED_AUTOS = YES_AGGRESSIVE;
				GCC_WARN_UNUSED_FUNCTION = YES;
				GCC_WARN_UNUSED_VARIABLE = YES;
				IPHONEOS_DEPLOYMENT_TARGET = 10.3;
				MTL_ENABLE_DEBUG_INFO = YES;
				ONLY_ACTIVE_ARCH = YES;
				SDKROOT = iphoneos;
				SWIFT_ACTIVE_COMPILATION_CONDITIONS = DEBUG;
				SWIFT_OPTIMIZATION_LEVEL = "-Onone";
				TARGETED_DEVICE_FAMILY = "1,2";
			};
			name = Debug;
		};
		6F73E0C71F20A56B000EC874 /* Release */ = {
			isa = XCBuildConfiguration;
			buildSettings = {
				ALWAYS_SEARCH_USER_PATHS = NO;
				CLANG_ANALYZER_NONNULL = YES;
				CLANG_ANALYZER_NUMBER_OBJECT_CONVERSION = YES_AGGRESSIVE;
				CLANG_CXX_LANGUAGE_STANDARD = "gnu++0x";
				CLANG_CXX_LIBRARY = "libc++";
				CLANG_ENABLE_MODULES = YES;
				CLANG_ENABLE_OBJC_ARC = YES;
				CLANG_WARN_BOOL_CONVERSION = YES;
				CLANG_WARN_CONSTANT_CONVERSION = YES;
				CLANG_WARN_DIRECT_OBJC_ISA_USAGE = YES_ERROR;
				CLANG_WARN_DOCUMENTATION_COMMENTS = YES;
				CLANG_WARN_EMPTY_BODY = YES;
				CLANG_WARN_ENUM_CONVERSION = YES;
				CLANG_WARN_INFINITE_RECURSION = YES;
				CLANG_WARN_INT_CONVERSION = YES;
				CLANG_WARN_OBJC_ROOT_CLASS = YES_ERROR;
				CLANG_WARN_SUSPICIOUS_MOVE = YES;
				CLANG_WARN_UNREACHABLE_CODE = YES;
				CLANG_WARN__DUPLICATE_METHOD_MATCH = YES;
				"CODE_SIGN_IDENTITY[sdk=iphoneos*]" = "iPhone Developer";
				COPY_PHASE_STRIP = NO;
				DEBUG_INFORMATION_FORMAT = "dwarf-with-dsym";
				ENABLE_NS_ASSERTIONS = NO;
				ENABLE_STRICT_OBJC_MSGSEND = YES;
				GCC_C_LANGUAGE_STANDARD = gnu99;
				GCC_NO_COMMON_BLOCKS = YES;
				GCC_WARN_64_TO_32_BIT_CONVERSION = YES;
				GCC_WARN_ABOUT_RETURN_TYPE = YES_ERROR;
				GCC_WARN_UNDECLARED_SELECTOR = YES;
				GCC_WARN_UNINITIALIZED_AUTOS = YES_AGGRESSIVE;
				GCC_WARN_UNUSED_FUNCTION = YES;
				GCC_WARN_UNUSED_VARIABLE = YES;
				IPHONEOS_DEPLOYMENT_TARGET = 10.3;
				MTL_ENABLE_DEBUG_INFO = NO;
				SDKROOT = iphoneos;
				SWIFT_OPTIMIZATION_LEVEL = "-Owholemodule";
				TARGETED_DEVICE_FAMILY = "1,2";
				VALIDATE_PRODUCT = YES;
			};
			name = Release;
		};
		6F73E0C91F20A56B000EC874 /* Debug */ = {
			isa = XCBuildConfiguration;
			buildSettings = {
				ASSETCATALOG_COMPILER_APPICON_NAME = AppIcon;
				INFOPLIST_FILE = DelegateSample/Info.plist;
				LD_RUNPATH_SEARCH_PATHS = "$(inherited) @executable_path/Frameworks";
				PRODUCT_BUNDLE_IDENTIFIER = MS.DelegateSample;
				PRODUCT_NAME = "$(TARGET_NAME)";
				SWIFT_VERSION = 3.0;
			};
			name = Debug;
		};
		6F73E0CA1F20A56B000EC874 /* Release */ = {
			isa = XCBuildConfiguration;
			buildSettings = {
				ASSETCATALOG_COMPILER_APPICON_NAME = AppIcon;
				INFOPLIST_FILE = DelegateSample/Info.plist;
				LD_RUNPATH_SEARCH_PATHS = "$(inherited) @executable_path/Frameworks";
				PRODUCT_BUNDLE_IDENTIFIER = MS.DelegateSample;
				PRODUCT_NAME = "$(TARGET_NAME)";
				SWIFT_VERSION = 3.0;
			};
			name = Release;
		};
		6F73E0CC1F20A56B000EC874 /* Debug */ = {
			isa = XCBuildConfiguration;
			buildSettings = {
				ALWAYS_EMBED_SWIFT_STANDARD_LIBRARIES = YES;
				BUNDLE_LOADER = "$(TEST_HOST)";
				INFOPLIST_FILE = DelegateSampleTests/Info.plist;
				LD_RUNPATH_SEARCH_PATHS = "$(inherited) @executable_path/Frameworks @loader_path/Frameworks";
				PRODUCT_BUNDLE_IDENTIFIER = MS.DelegateSampleTests;
				PRODUCT_NAME = "$(TARGET_NAME)";
				SWIFT_VERSION = 3.0;
				TEST_HOST = "$(BUILT_PRODUCTS_DIR)/DelegateSample.app/DelegateSample";
			};
			name = Debug;
		};
		6F73E0CD1F20A56B000EC874 /* Release */ = {
			isa = XCBuildConfiguration;
			buildSettings = {
				ALWAYS_EMBED_SWIFT_STANDARD_LIBRARIES = YES;
				BUNDLE_LOADER = "$(TEST_HOST)";
				INFOPLIST_FILE = DelegateSampleTests/Info.plist;
				LD_RUNPATH_SEARCH_PATHS = "$(inherited) @executable_path/Frameworks @loader_path/Frameworks";
				PRODUCT_BUNDLE_IDENTIFIER = MS.DelegateSampleTests;
				PRODUCT_NAME = "$(TARGET_NAME)";
				SWIFT_VERSION = 3.0;
				TEST_HOST = "$(BUILT_PRODUCTS_DIR)/DelegateSample.app/DelegateSample";
			};
			name = Release;
		};
		6F73E0CF1F20A56B000EC874 /* Debug */ = {
			isa = XCBuildConfiguration;
			buildSettings = {
				ALWAYS_EMBED_SWIFT_STANDARD_LIBRARIES = YES;
				INFOPLIST_FILE = DelegateSampleUITests/Info.plist;
				LD_RUNPATH_SEARCH_PATHS = "$(inherited) @executable_path/Frameworks @loader_path/Frameworks";
				PRODUCT_BUNDLE_IDENTIFIER = MS.DelegateSampleUITests;
				PRODUCT_NAME = "$(TARGET_NAME)";
				SWIFT_VERSION = 3.0;
				TEST_TARGET_NAME = DelegateSample;
			};
			name = Debug;
		};
		6F73E0D01F20A56B000EC874 /* Release */ = {
			isa = XCBuildConfiguration;
			buildSettings = {
				ALWAYS_EMBED_SWIFT_STANDARD_LIBRARIES = YES;
				INFOPLIST_FILE = DelegateSampleUITests/Info.plist;
				LD_RUNPATH_SEARCH_PATHS = "$(inherited) @executable_path/Frameworks @loader_path/Frameworks";
				PRODUCT_BUNDLE_IDENTIFIER = MS.DelegateSampleUITests;
				PRODUCT_NAME = "$(TARGET_NAME)";
				SWIFT_VERSION = 3.0;
				TEST_TARGET_NAME = DelegateSample;
			};
			name = Release;
		};
/* End XCBuildConfiguration section */

/* Begin XCConfigurationList section */
		6F73E09B1F20A56A000EC874 /* Build configuration list for PBXProject "DelegateSample" */ = {
			isa = XCConfigurationList;
			buildConfigurations = (
				6F73E0C61F20A56B000EC874 /* Debug */,
				6F73E0C71F20A56B000EC874 /* Release */,
			);
			defaultConfigurationIsVisible = 0;
			defaultConfigurationName = Release;
		};
		6F73E0C81F20A56B000EC874 /* Build configuration list for PBXNativeTarget "DelegateSample" */ = {
			isa = XCConfigurationList;
			buildConfigurations = (
				6F73E0C91F20A56B000EC874 /* Debug */,
				6F73E0CA1F20A56B000EC874 /* Release */,
			);
			defaultConfigurationIsVisible = 0;
			defaultConfigurationName = Release;
		};
		6F73E0CB1F20A56B000EC874 /* Build configuration list for PBXNativeTarget "DelegateSampleTests" */ = {
			isa = XCConfigurationList;
			buildConfigurations = (
				6F73E0CC1F20A56B000EC874 /* Debug */,
				6F73E0CD1F20A56B000EC874 /* Release */,
			);
			defaultConfigurationIsVisible = 0;
			defaultConfigurationName = Release;
		};
		6F73E0CE1F20A56B000EC874 /* Build configuration list for PBXNativeTarget "DelegateSampleUITests" */ = {
			isa = XCConfigurationList;
			buildConfigurations = (
				6F73E0CF1F20A56B000EC874 /* Debug */,
				6F73E0D01F20A56B000EC874 /* Release */,
			);
			defaultConfigurationIsVisible = 0;
			defaultConfigurationName = Release;
		};
/* End XCConfigurationList section */
	};
	rootObject = 6F73E0981F20A56A000EC874 /* Project object */;
}
